
Microsoft Visual Studio Solution File, Format Version 12.00
# Visual Studio Version 17
VisualStudioVersion = 17.10.35122.118
MinimumVisualStudioVersion = 10.0.40219.1
Project("{FAE04EC0-301F-11D3-BF4B-00C04F79EFBC}") = "IndexOutOfRangeEx", "IndexOutOfRangeEx\IndexOutOfRangeEx.csproj", "{6FAA8309-E3C1-4073-BFC0-7F10DE0F716C}"
EndProject
Global
	GlobalSection(SolutionConfigurationPlatforms) = preSolution
		Debug|Any CPU = Debug|Any CPU
		Release|Any CPU = Release|Any CPU
	EndGlobalSection
	GlobalSection(ProjectConfigurationPlatforms) = postSolution
		{6FAA8309-E3C1-4073-BFC0-7F10DE0F716C}.Debug|Any CPU.ActiveCfg = Debug|Any CPU
		{6FAA8309-E3C1-4073-BFC0-7F10DE0F716C}.Debug|Any CPU.Build.0 = Debug|Any CPU
		{6FAA8309-E3C1-4073-BFC0-7F10DE0F716C}.Release|Any CPU.ActiveCfg = Release|Any CPU
		{6FAA8309-E3C1-4073-BFC0-7F10DE0F716C}.Release|Any CPU.Build.0 = Release|Any CPU
	EndGlobalSection
	GlobalSection(SolutionProperties) = preSolution
		HideSolutionNode = FALSE
	EndGlobalSection
	GlobalSection(ExtensibilityGlobals) = postSolution
		SolutionGuid = {365B59B3-7978-45C8-9A84-8E47F1C39B31}
	EndGlobalSection
EndGlobal
